
Microsoft Visual Studio Solution File, Format Version 12.00
# Visual Studio Version 17
VisualStudioVersion = 17.1.32319.34
MinimumVisualStudioVersion = 10.0.40219.1
Project("{9A19103F-16F7-4668-BE54-9A1E7A4F7556}") = "EmployeeAPI2", "EmployeeAPI2\EmployeeAPI2.csproj", "{9821086F-8950-456B-8D07-41318141A211}"
EndProject
Project("{FAE04EC0-301F-11D3-BF4B-00C04F79EFBC}") = "BLL", "BLL\BLL.csproj", "{A41F2A32-D6CD-4B2E-A7C3-CEAC514E8CB4}"
EndProject
Project("{FAE04EC0-301F-11D3-BF4B-00C04F79EFBC}") = "DAL", "DAL\DAL.csproj", "{66AED258-458A-4A3A-A86D-7CFE41EF9C93}"
EndProject
Global
	GlobalSection(SolutionConfigurationPlatforms) = preSolution
		Debug|Any CPU = Debug|Any CPU
		Release|Any CPU = Release|Any CPU
	EndGlobalSection
	GlobalSection(ProjectConfigurationPlatforms) = postSolution
		{9821086F-8950-456B-8D07-41318141A211}.Debug|Any CPU.ActiveCfg = Debug|Any CPU
		{9821086F-8950-456B-8D07-41318141A211}.Debug|Any CPU.Build.0 = Debug|Any CPU
		{9821086F-8950-456B-8D07-41318141A211}.Release|Any CPU.ActiveCfg = Release|Any CPU
		{9821086F-8950-456B-8D07-41318141A211}.Release|Any CPU.Build.0 = Release|Any CPU
		{A41F2A32-D6CD-4B2E-A7C3-CEAC514E8CB4}.Debug|Any CPU.ActiveCfg = Debug|Any CPU
		{A41F2A32-D6CD-4B2E-A7C3-CEAC514E8CB4}.Debug|Any CPU.Build.0 = Debug|Any CPU
		{A41F2A32-D6CD-4B2E-A7C3-CEAC514E8CB4}.Release|Any CPU.ActiveCfg = Release|Any CPU
		{A41F2A32-D6CD-4B2E-A7C3-CEAC514E8CB4}.Release|Any CPU.Build.0 = Release|Any CPU
		{66AED258-458A-4A3A-A86D-7CFE41EF9C93}.Debug|Any CPU.ActiveCfg = Debug|Any CPU
		{66AED258-458A-4A3A-A86D-7CFE41EF9C93}.Debug|Any CPU.Build.0 = Debug|Any CPU
		{66AED258-458A-4A3A-A86D-7CFE41EF9C93}.Release|Any CPU.ActiveCfg = Release|Any CPU
		{66AED258-458A-4A3A-A86D-7CFE41EF9C93}.Release|Any CPU.Build.0 = Release|Any CPU
	EndGlobalSection
	GlobalSection(SolutionProperties) = preSolution
		HideSolutionNode = FALSE
	EndGlobalSection
	GlobalSection(ExtensibilityGlobals) = postSolution
		SolutionGuid = {8F7A90E4-363F-4682-98DD-3CAE4A1E9582}
	EndGlobalSection
EndGlobal
